
Microsoft Visual Studio Solution File, Format Version 12.00
# Visual Studio Version 17
VisualStudioVersion = 17.10.34928.147
MinimumVisualStudioVersion = 10.0.40219.1
Project("{FAE04EC0-301F-11D3-BF4B-00C04F79EFBC}") = "GlamStore.Catalogo", "GlamStore.Catalogo\GlamStore.Catalogo.csproj", "{2D03928E-A2AD-4051-890B-72321F7D7F49}"
EndProject
Global
	GlobalSection(SolutionConfigurationPlatforms) = preSolution
		Debug|Any CPU = Debug|Any CPU
		Release|Any CPU = Release|Any CPU
	EndGlobalSection
	GlobalSection(ProjectConfigurationPlatforms) = postSolution
		{2D03928E-A2AD-4051-890B-72321F7D7F49}.Debug|Any CPU.ActiveCfg = Debug|Any CPU
		{2D03928E-A2AD-4051-890B-72321F7D7F49}.Debug|Any CPU.Build.0 = Debug|Any CPU
		{2D03928E-A2AD-4051-890B-72321F7D7F49}.Release|Any CPU.ActiveCfg = Release|Any CPU
		{2D03928E-A2AD-4051-890B-72321F7D7F49}.Release|Any CPU.Build.0 = Release|Any CPU
	EndGlobalSection
	GlobalSection(SolutionProperties) = preSolution
		HideSolutionNode = FALSE
	EndGlobalSection
	GlobalSection(ExtensibilityGlobals) = postSolution
		SolutionGuid = {DC4EBF58-A79F-461B-9B6F-CD1D08F56EBA}
	EndGlobalSection
EndGlobal
